PODS:
  - SDWebImage (5.15.0):
    - SDWebImage/Core (= 5.15.0)
  - SDWebImage/Core (5.15.0)
  - UnsplashPhotoPicker (1.3.0)

DEPENDENCIES:
  - SDWebImage (~> 5.0)
  - UnsplashPhotoPicker (~> 1.3)

SPEC REPOS:
  trunk:
    - SDWebImage
    - UnsplashPhotoPicker

SPEC CHECKSUMS:
  SDWebImage: 9bec4c5cdd9579e1f57104735ee0c37df274d593
  UnsplashPhotoPicker: 327eef7ccbb4c322ed13360fdda6e975d1bea61d

PODFILE CHECKSUM: 057ce55f89e02a29442774fe681ae7afa2dda60e

COCOAPODS: 1.11.3
