// !$*UTF8*$!
{
	archiveVersion = 1;
	classes = {
	};
	objectVersion = 56;
	objects = {

/* Begin PBXBuildFile section */
		50C61D16297FC7CD005EE0BE /* AppDelegate.swift in Sources */ = {isa = PBXBuildFile; fileRef = 50C61D15297FC7CD005EE0BE /* AppDelegate.swift */; };
		50C61D18297FC7CD005EE0BE /* SceneDelegate.swift in Sources */ = {isa = PBXBuildFile; fileRef = 50C61D17297FC7CD005EE0BE /* SceneDelegate.swift */; };
		50C61D20297FC7CD005EE0BE /* RandomFoto.xcdatamodeld in Sources */ = {isa = PBXBuildFile; fileRef = 50C61D1E297FC7CD005EE0BE /* RandomFoto.xcdatamodeld */; };
		50C61D22297FC7CF005EE0BE /* Assets.xcassets in Resources */ = {isa = PBXBuildFile; fileRef = 50C61D21297FC7CF005EE0BE /* Assets.xcassets */; };
		50C61D25297FC7CF005EE0BE /* LaunchScreen.storyboard in Resources */ = {isa = PBXBuildFile; fileRef = 50C61D23297FC7CF005EE0BE /* LaunchScreen.storyboard */; };
		50C61D46297FCCDF005EE0BE /* DeatailView.swift in Sources */ = {isa = PBXBuildFile; fileRef = 50C61D45297FCCDF005EE0BE /* DeatailView.swift */; };
		50C61D48297FCD0C005EE0BE /* DetailController.swift in Sources */ = {isa = PBXBuildFile; fileRef = 50C61D47297FCD0C005EE0BE /* DetailController.swift */; };
		50FBDB4C298127EF005EC3E6 /* UIKit + Extension.swift in Sources */ = {isa = PBXBuildFile; fileRef = 50FBDB4B298127EF005EC3E6 /* UIKit + Extension.swift */; };
		50FBDB4E29812BD5005EC3E6 /* NetworkService.swift in Sources */ = {isa = PBXBuildFile; fileRef = 50FBDB4D29812BD5005EC3E6 /* NetworkService.swift */; };
		50FBDB5029812BDB005EC3E6 /* NetworkDataFetcher.swift in Sources */ = {isa = PBXBuildFile; fileRef = 50FBDB4F29812BDB005EC3E6 /* NetworkDataFetcher.swift */; };
		50FBDB5329812C0E005EC3E6 /* SearchResults.swift in Sources */ = {isa = PBXBuildFile; fileRef = 50FBDB5229812C0E005EC3E6 /* SearchResults.swift */; };
		50FBDB6D298276D7005EC3E6 /* CollectionViewCell.swift in Sources */ = {isa = PBXBuildFile; fileRef = 50FBDB6C298276D6005EC3E6 /* CollectionViewCell.swift */; };
		50FBDB702982771B005EC3E6 /* MainFotoController.swift in Sources */ = {isa = PBXBuildFile; fileRef = 50FBDB6F2982771B005EC3E6 /* MainFotoController.swift */; };
		50FBDB722982773A005EC3E6 /* FavoritiesCollectionViewCell.swift in Sources */ = {isa = PBXBuildFile; fileRef = 50FBDB712982773A005EC3E6 /* FavoritiesCollectionViewCell.swift */; };
		50FBDB742982774F005EC3E6 /* FavoritiesController.swift in Sources */ = {isa = PBXBuildFile; fileRef = 50FBDB732982774F005EC3E6 /* FavoritiesController.swift */; };
		50FBDB7629827763005EC3E6 /* MainTabBarController.swift in Sources */ = {isa = PBXBuildFile; fileRef = 50FBDB7529827763005EC3E6 /* MainTabBarController.swift */; };
		E895C96A3B24044FAF9C4869 /* Pods_RandomFoto.framework in Frameworks */ = {isa = PBXBuildFile; fileRef = 09E1AF7AB60DEB62DE0E830A /* Pods_RandomFoto.framework */; };
/* End PBXBuildFile section */

/* Begin PBXFileReference section */
		09E1AF7AB60DEB62DE0E830A /* Pods_RandomFoto.framework */ = {isa = PBXFileReference; explicitFileType = wrapper.framework; includeInIndex = 0; path = Pods_RandomFoto.framework; sourceTree = BUILT_PRODUCTS_DIR; };
		50C61D12297FC7CD005EE0BE /* RandomPhoto.app */ = {isa = PBXFileReference; explicitFileType = wrapper.application; includeInIndex = 0; path = RandomPhoto.app; sourceTree = BUILT_PRODUCTS_DIR; };
		50C61D15297FC7CD005EE0BE /* AppDelegate.swift */ = {isa = PBXFileReference; lastKnownFileType = sourcecode.swift; path = AppDelegate.swift; sourceTree = "<group>"; };
		50C61D17297FC7CD005EE0BE /* SceneDelegate.swift */ = {isa = PBXFileReference; lastKnownFileType = sourcecode.swift; path = SceneDelegate.swift; sourceTree = "<group>"; };
		50C61D1F297FC7CD005EE0BE /* RandomFoto.xcdatamodel */ = {isa = PBXFileReference; lastKnownFileType = wrapper.xcdatamodel; path = RandomFoto.xcdatamodel; sourceTree = "<group>"; };
		50C61D21297FC7CF005EE0BE /* Assets.xcassets */ = {isa = PBXFileReference; lastKnownFileType = folder.assetcatalog; path = Assets.xcassets; sourceTree = "<group>"; };
		50C61D24297FC7CF005EE0BE /* Base */ = {isa = PBXFileReference; lastKnownFileType = file.storyboard; name = Base; path = Base.lproj/LaunchScreen.storyboard; sourceTree = "<group>"; };
		50C61D26297FC7CF005EE0BE /* Info.plist */ = {isa = PBXFileReference; lastKnownFileType = text.plist.xml; path = Info.plist; sourceTree = "<group>"; };
		50C61D45297FCCDF005EE0BE /* DeatailView.swift */ = {isa = PBXFileReference; lastKnownFileType = sourcecode.swift; path = DeatailView.swift; sourceTree = "<group>"; };
		50C61D47297FCD0C005EE0BE /* DetailController.swift */ = {isa = PBXFileReference; lastKnownFileType = sourcecode.swift; path = DetailController.swift; sourceTree = "<group>"; };
		50FBDB4B298127EF005EC3E6 /* UIKit + Extension.swift */ = {isa = PBXFileReference; fileEncoding = 4; lastKnownFileType = sourcecode.swift; path = "UIKit + Extension.swift"; sourceTree = "<group>"; };
		50FBDB4D29812BD5005EC3E6 /* NetworkService.swift */ = {isa = PBXFileReference; fileEncoding = 4; lastKnownFileType = sourcecode.swift; path = NetworkService.swift; sourceTree = "<group>"; };
		50FBDB4F29812BDB005EC3E6 /* NetworkDataFetcher.swift */ = {isa = PBXFileReference; fileEncoding = 4; lastKnownFileType = sourcecode.swift; path = NetworkDataFetcher.swift; sourceTree = "<group>"; };
		50FBDB5229812C0E005EC3E6 /* SearchResults.swift */ = {isa = PBXFileReference; fileEncoding = 4; lastKnownFileType = sourcecode.swift; path = SearchResults.swift; sourceTree = "<group>"; };
		50FBDB6C298276D6005EC3E6 /* CollectionViewCell.swift */ = {isa = PBXFileReference; fileEncoding = 4; lastKnownFileType = sourcecode.swift; path = CollectionViewCell.swift; sourceTree = "<group>"; };
		50FBDB6F2982771B005EC3E6 /* MainFotoController.swift */ = {isa = PBXFileReference; fileEncoding = 4; lastKnownFileType = sourcecode.swift; path = MainFotoController.swift; sourceTree = "<group>"; };
		50FBDB712982773A005EC3E6 /* FavoritiesCollectionViewCell.swift */ = {isa = PBXFileReference; fileEncoding = 4; lastKnownFileType = sourcecode.swift; path = FavoritiesCollectionViewCell.swift; sourceTree = "<group>"; };
		50FBDB732982774F005EC3E6 /* FavoritiesController.swift */ = {isa = PBXFileReference; fileEncoding = 4; lastKnownFileType = sourcecode.swift; path = FavoritiesController.swift; sourceTree = "<group>"; };
		50FBDB7529827763005EC3E6 /* MainTabBarController.swift */ = {isa = PBXFileReference; fileEncoding = 4; lastKnownFileType = sourcecode.swift; path = MainTabBarController.swift; sourceTree = "<group>"; };
		B3FAFC7DD0B1692A9098A842 /* Pods-RandomFoto.release.xcconfig */ = {isa = PBXFileReference; includeInIndex = 1; lastKnownFileType = text.xcconfig; name = "Pods-RandomFoto.release.xcconfig"; path = "Target Support Files/Pods-RandomFoto/Pods-RandomFoto.release.xcconfig"; sourceTree = "<group>"; };
		DE3BEDA0BEA16553201F0046 /* Pods-RandomFoto.debug.xcconfig */ = {isa = PBXFileReference; includeInIndex = 1; lastKnownFileType = text.xcconfig; name = "Pods-RandomFoto.debug.xcconfig"; path = "Target Support Files/Pods-RandomFoto/Pods-RandomFoto.debug.xcconfig"; sourceTree = "<group>"; };
/* End PBXFileReference section */

/* Begin PBXFrameworksBuildPhase section */
		50C61D0F297FC7CD005EE0BE /* Frameworks */ = {
			isa = PBXFrameworksBuildPhase;
			buildActionMask = 2147483647;
			files = (
				E895C96A3B24044FAF9C4869 /* Pods_RandomFoto.framework in Frameworks */,
			);
			runOnlyForDeploymentPostprocessing = 0;
		};
/* End PBXFrameworksBuildPhase section */

/* Begin PBXGroup section */
		50C61D09297FC7CD005EE0BE = {
			isa = PBXGroup;
			children = (
				50C61D14297FC7CD005EE0BE /* RandomFoto */,
				50C61D13297FC7CD005EE0BE /* Products */,
				B2A9AC607291CC55640549D2 /* Pods */,
				68F3524A3E5AF481DA0A821B /* Frameworks */,
			);
			sourceTree = "<group>";
		};
		50C61D13297FC7CD005EE0BE /* Products */ = {
			isa = PBXGroup;
			children = (
				50C61D12297FC7CD005EE0BE /* RandomPhoto.app */,
			);
			name = Products;
			sourceTree = "<group>";
		};
		50C61D14297FC7CD005EE0BE /* RandomFoto */ = {
			isa = PBXGroup;
			children = (
				50C61D2C297FC874005EE0BE /* Sources */,
				50C61D2D297FC88E005EE0BE /* Resources */,
			);
			path = RandomFoto;
			sourceTree = "<group>";
		};
		50C61D2C297FC874005EE0BE /* Sources */ = {
			isa = PBXGroup;
			children = (
				50C61D31297FC9B0005EE0BE /* Modules */,
				50C61D32297FC9F2005EE0BE /* Services */,
				50C61D2F297FC8CA005EE0BE /* Supporting */,
			);
			path = Sources;
			sourceTree = "<group>";
		};
		50C61D2D297FC88E005EE0BE /* Resources */ = {
			isa = PBXGroup;
			children = (
				50C61D23297FC7CF005EE0BE /* LaunchScreen.storyboard */,
				50C61D21297FC7CF005EE0BE /* Assets.xcassets */,
				50C61D26297FC7CF005EE0BE /* Info.plist */,
			);
			path = Resources;
			sourceTree = "<group>";
		};
		50C61D2E297FC8B3005EE0BE /* MainScreen */ = {
			isa = PBXGroup;
			children = (
				50C61D35297FCAAB005EE0BE /* View */,
				50FBDB6E298276E7005EC3E6 /* Controller */,
			);
			path = MainScreen;
			sourceTree = "<group>";
		};
		50C61D2F297FC8CA005EE0BE /* Supporting */ = {
			isa = PBXGroup;
			children = (
				50C61D30297FC8D7005EE0BE /* Application */,
			);
			path = Supporting;
			sourceTree = "<group>";
		};
		50C61D30297FC8D7005EE0BE /* Application */ = {
			isa = PBXGroup;
			children = (
				50C61D17297FC7CD005EE0BE /* SceneDelegate.swift */,
				50C61D15297FC7CD005EE0BE /* AppDelegate.swift */,
			);
			path = Application;
			sourceTree = "<group>";
		};
		50C61D31297FC9B0005EE0BE /* Modules */ = {
			isa = PBXGroup;
			children = (
				50C61D2E297FC8B3005EE0BE /* MainScreen */,
				50C61D3A297FCBAE005EE0BE /* FavoritesScreen */,
				50C61D3E297FCC44005EE0BE /* DetailScreen */,
				50FBDB4729812765005EC3E6 /* TabBar */,
				50FBDB4A298127CD005EC3E6 /* Extensions */,
			);
			path = Modules;
			sourceTree = "<group>";
		};
		50C61D32297FC9F2005EE0BE /* Services */ = {
			isa = PBXGroup;
			children = (
				50C61D34297FCA88005EE0BE /* NetworkLayer */,
				50FBDB5129812BF4005EC3E6 /* Models */,
				50C61D33297FCA57005EE0BE /* StorageLayer */,
			);
			path = Services;
			sourceTree = "<group>";
		};
		50C61D33297FCA57005EE0BE /* StorageLayer */ = {
			isa = PBXGroup;
			children = (
				50C61D1E297FC7CD005EE0BE /* RandomFoto.xcdatamodeld */,
			);
			path = StorageLayer;
			sourceTree = "<group>";
		};
		50C61D34297FCA88005EE0BE /* NetworkLayer */ = {
			isa = PBXGroup;
			children = (
				50FBDB4D29812BD5005EC3E6 /* NetworkService.swift */,
				50FBDB4F29812BDB005EC3E6 /* NetworkDataFetcher.swift */,
			);
			path = NetworkLayer;
			sourceTree = "<group>";
		};
		50C61D35297FCAAB005EE0BE /* View */ = {
			isa = PBXGroup;
			children = (
				50C61D49297FD4B3005EE0BE /* Cell */,
			);
			path = View;
			sourceTree = "<group>";
		};
		50C61D3A297FCBAE005EE0BE /* FavoritesScreen */ = {
			isa = PBXGroup;
			children = (
				50C61D3B297FCBFC005EE0BE /* View */,
				50C61D3D297FCC07005EE0BE /* Controller */,
			);
			path = FavoritesScreen;
			sourceTree = "<group>";
		};
		50C61D3B297FCBFC005EE0BE /* View */ = {
			isa = PBXGroup;
			children = (
				50FBDB582981444D005EC3E6 /* Cell */,
			);
			path = View;
			sourceTree = "<group>";
		};
		50C61D3D297FCC07005EE0BE /* Controller */ = {
			isa = PBXGroup;
			children = (
				50FBDB732982774F005EC3E6 /* FavoritiesController.swift */,
			);
			path = Controller;
			sourceTree = "<group>";
		};
		50C61D3E297FCC44005EE0BE /* DetailScreen */ = {
			isa = PBXGroup;
			children = (
				50C61D3F297FCC5E005EE0BE /* View */,
				50C61D40297FCC63005EE0BE /* Controller */,
			);
			path = DetailScreen;
			sourceTree = "<group>";
		};
		50C61D3F297FCC5E005EE0BE /* View */ = {
			isa = PBXGroup;
			children = (
				50C61D45297FCCDF005EE0BE /* DeatailView.swift */,
			);
			path = View;
			sourceTree = "<group>";
		};
		50C61D40297FCC63005EE0BE /* Controller */ = {
			isa = PBXGroup;
			children = (
				50C61D47297FCD0C005EE0BE /* DetailController.swift */,
			);
			path = Controller;
			sourceTree = "<group>";
		};
		50C61D49297FD4B3005EE0BE /* Cell */ = {
			isa = PBXGroup;
			children = (
				50FBDB6C298276D6005EC3E6 /* CollectionViewCell.swift */,
			);
			path = Cell;
			sourceTree = "<group>";
		};
		50FBDB4729812765005EC3E6 /* TabBar */ = {
			isa = PBXGroup;
			children = (
				50FBDB7529827763005EC3E6 /* MainTabBarController.swift */,
			);
			path = TabBar;
			sourceTree = "<group>";
		};
		50FBDB4A298127CD005EC3E6 /* Extensions */ = {
			isa = PBXGroup;
			children = (
				50FBDB4B298127EF005EC3E6 /* UIKit + Extension.swift */,
			);
			path = Extensions;
			sourceTree = "<group>";
		};
		50FBDB5129812BF4005EC3E6 /* Models */ = {
			isa = PBXGroup;
			children = (
				50FBDB5229812C0E005EC3E6 /* SearchResults.swift */,
			);
			path = Models;
			sourceTree = "<group>";
		};
		50FBDB582981444D005EC3E6 /* Cell */ = {
			isa = PBXGroup;
			children = (
				50FBDB712982773A005EC3E6 /* FavoritiesCollectionViewCell.swift */,
			);
			path = Cell;
			sourceTree = "<group>";
		};
		50FBDB6E298276E7005EC3E6 /* Controller */ = {
			isa = PBXGroup;
			children = (
				50FBDB6F2982771B005EC3E6 /* MainFotoController.swift */,
			);
			path = Controller;
			sourceTree = "<group>";
		};
		68F3524A3E5AF481DA0A821B /* Frameworks */ = {
			isa = PBXGroup;
			children = (
				09E1AF7AB60DEB62DE0E830A /* Pods_RandomFoto.framework */,
			);
			name = Frameworks;
			sourceTree = "<group>";
		};
		B2A9AC607291CC55640549D2 /* Pods */ = {
			isa = PBXGroup;
			children = (
				DE3BEDA0BEA16553201F0046 /* Pods-RandomFoto.debug.xcconfig */,
				B3FAFC7DD0B1692A9098A842 /* Pods-RandomFoto.release.xcconfig */,
			);
			path = Pods;
			sourceTree = "<group>";
		};
/* End PBXGroup section */

/* Begin PBXNativeTarget section */
		50C61D11297FC7CD005EE0BE /* RandomPhoto */ = {
			isa = PBXNativeTarget;
			buildConfigurationList = 50C61D29297FC7CF005EE0BE /* Build configuration list for PBXNativeTarget "RandomPhoto" */;
			buildPhases = (
				7556CC2AF84CF74302A8A06E /* [CP] Check Pods Manifest.lock */,
				50C61D0E297FC7CD005EE0BE /* Sources */,
				50C61D0F297FC7CD005EE0BE /* Frameworks */,
				50C61D10297FC7CD005EE0BE /* Resources */,
				3AA0F702E1BA757FB607A8E6 /* [CP] Embed Pods Frameworks */,
			);
			buildRules = (
			);
			dependencies = (
			);
			name = RandomPhoto;
			productName = RandomFoto;
			productReference = 50C61D12297FC7CD005EE0BE /* RandomPhoto.app */;
			productType = "com.apple.product-type.application";
		};
/* End PBXNativeTarget section */

/* Begin PBXProject section */
		50C61D0A297FC7CD005EE0BE /* Project object */ = {
			isa = PBXProject;
			attributes = {
				BuildIndependentTargetsInParallel = 1;
				LastSwiftUpdateCheck = 1410;
				LastUpgradeCheck = 1410;
				TargetAttributes = {
					50C61D11297FC7CD005EE0BE = {
						CreatedOnToolsVersion = 14.1;
					};
				};
			};
			buildConfigurationList = 50C61D0D297FC7CD005EE0BE /* Build configuration list for PBXProject "RandomPhoto" */;
			compatibilityVersion = "Xcode 14.0";
			developmentRegion = en;
			hasScannedForEncodings = 0;
			knownRegions = (
				en,
				Base,
			);
			mainGroup = 50C61D09297FC7CD005EE0BE;
			productRefGroup = 50C61D13297FC7CD005EE0BE /* Products */;
			projectDirPath = "";
			projectRoot = "";
			targets = (
				50C61D11297FC7CD005EE0BE /* RandomPhoto */,
			);
		};
/* End PBXProject section */

/* Begin PBXResourcesBuildPhase section */
		50C61D10297FC7CD005EE0BE /* Resources */ = {
			isa = PBXResourcesBuildPhase;
			buildActionMask = 2147483647;
			files = (
				50C61D25297FC7CF005EE0BE /* LaunchScreen.storyboard in Resources */,
				50C61D22297FC7CF005EE0BE /* Assets.xcassets in Resources */,
			);
			runOnlyForDeploymentPostprocessing = 0;
		};
/* End PBXResourcesBuildPhase section */

/* Begin PBXShellScriptBuildPhase section */
		3AA0F702E1BA757FB607A8E6 /* [CP] Embed Pods Frameworks */ = {
			isa = PBXShellScriptBuildPhase;
			buildActionMask = 2147483647;
			files = (
			);
			inputFileListPaths = (
				"${PODS_ROOT}/Target Support Files/Pods-RandomFoto/Pods-RandomFoto-frameworks-${CONFIGURATION}-input-files.xcfilelist",
			);
			name = "[CP] Embed Pods Frameworks";
			outputFileListPaths = (
				"${PODS_ROOT}/Target Support Files/Pods-RandomFoto/Pods-RandomFoto-frameworks-${CONFIGURATION}-output-files.xcfilelist",
			);
			runOnlyForDeploymentPostprocessing = 0;
			shellPath = /bin/sh;
			shellScript = "\"${PODS_ROOT}/Target Support Files/Pods-RandomFoto/Pods-RandomFoto-frameworks.sh\"\n";
			showEnvVarsInLog = 0;
		};
		7556CC2AF84CF74302A8A06E /* [CP] Check Pods Manifest.lock */ = {
			isa = PBXShellScriptBuildPhase;
			buildActionMask = 2147483647;
			files = (
			);
			inputFileListPaths = (
			);
			inputPaths = (
				"${PODS_PODFILE_DIR_PATH}/Podfile.lock",
				"${PODS_ROOT}/Manifest.lock",
			);
			name = "[CP] Check Pods Manifest.lock";
			outputFileListPaths = (
			);
			outputPaths = (
				"$(DERIVED_FILE_DIR)/Pods-RandomFoto-checkManifestLockResult.txt",
			);
			runOnlyForDeploymentPostprocessing = 0;
			shellPath = /bin/sh;
			shellScript = "diff \"${PODS_PODFILE_DIR_PATH}/Podfile.lock\" \"${PODS_ROOT}/Manifest.lock\" > /dev/null\nif [ $? != 0 ] ; then\n    # print error to STDERR\n    echo \"error: The sandbox is not in sync with the Podfile.lock. Run 'pod install' or update your CocoaPods installation.\" >&2\n    exit 1\nfi\n# This output is used by Xcode 'outputs' to avoid re-running this script phase.\necho \"SUCCESS\" > \"${SCRIPT_OUTPUT_FILE_0}\"\n";
			showEnvVarsInLog = 0;
		};
/* End PBXShellScriptBuildPhase section */

/* Begin PBXSourcesBuildPhase section */
		50C61D0E297FC7CD005EE0BE /* Sources */ = {
			isa = PBXSourcesBuildPhase;
			buildActionMask = 2147483647;
			files = (
				50FBDB4C298127EF005EC3E6 /* UIKit + Extension.swift in Sources */,
				50C61D20297FC7CD005EE0BE /* RandomFoto.xcdatamodeld in Sources */,
				50C61D46297FCCDF005EE0BE /* DeatailView.swift in Sources */,
				50FBDB5329812C0E005EC3E6 /* SearchResults.swift in Sources */,
				50FBDB4E29812BD5005EC3E6 /* NetworkService.swift in Sources */,
				50FBDB5029812BDB005EC3E6 /* NetworkDataFetcher.swift in Sources */,
				50C61D16297FC7CD005EE0BE /* AppDelegate.swift in Sources */,
				50FBDB6D298276D7005EC3E6 /* CollectionViewCell.swift in Sources */,
				50FBDB742982774F005EC3E6 /* FavoritiesController.swift in Sources */,
				50C61D48297FCD0C005EE0BE /* DetailController.swift in Sources */,
				50FBDB7629827763005EC3E6 /* MainTabBarController.swift in Sources */,
				50FBDB702982771B005EC3E6 /* MainFotoController.swift in Sources */,
				50FBDB722982773A005EC3E6 /* FavoritiesCollectionViewCell.swift in Sources */,
				50C61D18297FC7CD005EE0BE /* SceneDelegate.swift in Sources */,
			);
			runOnlyForDeploymentPostprocessing = 0;
		};
/* End PBXSourcesBuildPhase section */

/* Begin PBXVariantGroup section */
		50C61D23297FC7CF005EE0BE /* LaunchScreen.storyboard */ = {
			isa = PBXVariantGroup;
			children = (
				50C61D24297FC7CF005EE0BE /* Base */,
			);
			name = LaunchScreen.storyboard;
			sourceTree = "<group>";
		};
/* End PBXVariantGroup section */

/* Begin XCBuildConfiguration section */
		50C61D27297FC7CF005EE0BE /* Debug */ = {
			isa = XCBuildConfiguration;
			buildSettings = {
				ALWAYS_SEARCH_USER_PATHS = NO;
				CLANG_ANALYZER_NONNULL = YES;
				CLANG_ANALYZER_NUMBER_OBJECT_CONVERSION = YES_AGGRESSIVE;
				CLANG_CXX_LANGUAGE_STANDARD = "gnu++20";
				CLANG_ENABLE_MODULES = YES;
				CLANG_ENABLE_OBJC_ARC = YES;
				CLANG_ENABLE_OBJC_WEAK = YES;
				CLANG_WARN_BLOCK_CAPTURE_AUTORELEASING = YES;
				CLANG_WARN_BOOL_CONVERSION = YES;
				CLANG_WARN_COMMA = YES;
				CLANG_WARN_CONSTANT_CONVERSION = YES;
				CLANG_WARN_DEPRECATED_OBJC_IMPLEMENTATIONS = YES;
				CLANG_WARN_DIRECT_OBJC_ISA_USAGE = YES_ERROR;
				CLANG_WARN_DOCUMENTATION_COMMENTS = YES;
				CLANG_WARN_EMPTY_BODY = YES;
				CLANG_WARN_ENUM_CONVERSION = YES;
				CLANG_WARN_INFINITE_RECURSION = YES;
				CLANG_WARN_INT_CONVERSION = YES;
				CLANG_WARN_NON_LITERAL_NULL_CONVERSION = YES;
				CLANG_WARN_OBJC_IMPLICIT_RETAIN_SELF = YES;
				CLANG_WARN_OBJC_LITERAL_CONVERSION = YES;
				CLANG_WARN_OBJC_ROOT_CLASS = YES_ERROR;
				CLANG_WARN_QUOTED_INCLUDE_IN_FRAMEWORK_HEADER = YES;
				CLANG_WARN_RANGE_LOOP_ANALYSIS = YES;
				CLANG_WARN_STRICT_PROTOTYPES = YES;
				CLANG_WARN_SUSPICIOUS_MOVE = YES;
				CLANG_WARN_UNGUARDED_AVAILABILITY = YES_AGGRESSIVE;
				CLANG_WARN_UNREACHABLE_CODE = YES;
				CLANG_WARN__DUPLICATE_METHOD_MATCH = YES;
				COPY_PHASE_STRIP = NO;
				DEBUG_INFORMATION_FORMAT = dwarf;
				ENABLE_STRICT_OBJC_MSGSEND = YES;
				ENABLE_TESTABILITY = YES;
				GCC_C_LANGUAGE_STANDARD = gnu11;
				GCC_DYNAMIC_NO_PIC = NO;
				GCC_NO_COMMON_BLOCKS = YES;
				GCC_OPTIMIZATION_LEVEL = 0;
				GCC_PREPROCESSOR_DEFINITIONS = (
					"DEBUG=1",
					"$(inherited)",
				);
				GCC_WARN_64_TO_32_BIT_CONVERSION = YES;
				GCC_WARN_ABOUT_RETURN_TYPE = YES_ERROR;
				GCC_WARN_UNDECLARED_SELECTOR = YES;
				GCC_WARN_UNINITIALIZED_AUTOS = YES_AGGRESSIVE;
				GCC_WARN_UNUSED_FUNCTION = YES;
				GCC_WARN_UNUSED_VARIABLE = YES;
				IPHONEOS_DEPLOYMENT_TARGET = 16.1;
				MTL_ENABLE_DEBUG_INFO = INCLUDE_SOURCE;
				MTL_FAST_MATH = YES;
				ONLY_ACTIVE_ARCH = YES;
				SDKROOT = iphoneos;
				SWIFT_ACTIVE_COMPILATION_CONDITIONS = DEBUG;
				SWIFT_OPTIMIZATION_LEVEL = "-Onone";
			};
			name = Debug;
		};
		50C61D28297FC7CF005EE0BE /* Release */ = {
			isa = XCBuildConfiguration;
			buildSettings = {
				ALWAYS_SEARCH_USER_PATHS = NO;
				CLANG_ANALYZER_NONNULL = YES;
				CLANG_ANALYZER_NUMBER_OBJECT_CONVERSION = YES_AGGRESSIVE;
				CLANG_CXX_LANGUAGE_STANDARD = "gnu++20";
				CLANG_ENABLE_MODULES = YES;
				CLANG_ENABLE_OBJC_ARC = YES;
				CLANG_ENABLE_OBJC_WEAK = YES;
				CLANG_WARN_BLOCK_CAPTURE_AUTORELEASING = YES;
				CLANG_WARN_BOOL_CONVERSION = YES;
				CLANG_WARN_COMMA = YES;
				CLANG_WARN_CONSTANT_CONVERSION = YES;
				CLANG_WARN_DEPRECATED_OBJC_IMPLEMENTATIONS = YES;
				CLANG_WARN_DIRECT_OBJC_ISA_USAGE = YES_ERROR;
				CLANG_WARN_DOCUMENTATION_COMMENTS = YES;
				CLANG_WARN_EMPTY_BODY = YES;
				CLANG_WARN_ENUM_CONVERSION = YES;
				CLANG_WARN_INFINITE_RECURSION = YES;
				CLANG_WARN_INT_CONVERSION = YES;
				CLANG_WARN_NON_LITERAL_NULL_CONVERSION = YES;
				CLANG_WARN_OBJC_IMPLICIT_RETAIN_SELF = YES;
				CLANG_WARN_OBJC_LITERAL_CONVERSION = YES;
				CLANG_WARN_OBJC_ROOT_CLASS = YES_ERROR;
				CLANG_WARN_QUOTED_INCLUDE_IN_FRAMEWORK_HEADER = YES;
				CLANG_WARN_RANGE_LOOP_ANALYSIS = YES;
				CLANG_WARN_STRICT_PROTOTYPES = YES;
				CLANG_WARN_SUSPICIOUS_MOVE = YES;
				CLANG_WARN_UNGUARDED_AVAILABILITY = YES_AGGRESSIVE;
				CLANG_WARN_UNREACHABLE_CODE = YES;
				CLANG_WARN__DUPLICATE_METHOD_MATCH = YES;
				COPY_PHASE_STRIP = NO;
				DEBUG_INFORMATION_FORMAT = "dwarf-with-dsym";
				ENABLE_NS_ASSERTIONS = NO;
				ENABLE_STRICT_OBJC_MSGSEND = YES;
				GCC_C_LANGUAGE_STANDARD = gnu11;
				GCC_NO_COMMON_BLOCKS = YES;
				GCC_WARN_64_TO_32_BIT_CONVERSION = YES;
				GCC_WARN_ABOUT_RETURN_TYPE = YES_ERROR;
				GCC_WARN_UNDECLARED_SELECTOR = YES;
				GCC_WARN_UNINITIALIZED_AUTOS = YES_AGGRESSIVE;
				GCC_WARN_UNUSED_FUNCTION = YES;
				GCC_WARN_UNUSED_VARIABLE = YES;
				IPHONEOS_DEPLOYMENT_TARGET = 16.1;
				MTL_ENABLE_DEBUG_INFO = NO;
				MTL_FAST_MATH = YES;
				SDKROOT = iphoneos;
				SWIFT_COMPILATION_MODE = wholemodule;
				SWIFT_OPTIMIZATION_LEVEL = "-O";
				VALIDATE_PRODUCT = YES;
			};
			name = Release;
		};
		50C61D2A297FC7CF005EE0BE /* Debug */ = {
			isa = XCBuildConfiguration;
			baseConfigurationReference = DE3BEDA0BEA16553201F0046 /* Pods-RandomFoto.debug.xcconfig */;
			buildSettings = {
				ASSETCATALOG_COMPILER_APPICON_NAME = AppIcon;
				ASSETCATALOG_COMPILER_GLOBAL_ACCENT_COLOR_NAME = AccentColor;
				CODE_SIGN_STYLE = Automatic;
				CURRENT_PROJECT_VERSION = 1;
				GENERATE_INFOPLIST_FILE = YES;
				INFOPLIST_FILE = RandomFoto/Resources/Info.plist;
				INFOPLIST_KEY_UIApplicationSupportsIndirectInputEvents = YES;
				INFOPLIST_KEY_UILaunchStoryboardName = LaunchScreen;
				INFOPLIST_KEY_UISupportedInterfaceOrientations_iPad = "UIInterfaceOrientationPortrait UIInterfaceOrientationPortraitUpsideDown UIInterfaceOrientationLandscapeLeft UIInterfaceOrientationLandscapeRight";
				INFOPLIST_KEY_UISupportedInterfaceOrientations_iPhone = "UIInterfaceOrientationPortrait UIInterfaceOrientationLandscapeLeft UIInterfaceOrientationLandscapeRight";
				LD_RUNPATH_SEARCH_PATHS = (
					"$(inherited)",
					"@executable_path/Frameworks",
				);
				MARKETING_VERSION = 1.0;
				PRODUCT_BUNDLE_IDENTIFIER = KosyakovAlexander.RandomFoto;
				PRODUCT_NAME = "$(TARGET_NAME)";
				SWIFT_EMIT_LOC_STRINGS = YES;
				SWIFT_VERSION = 5.0;
				TARGETED_DEVICE_FAMILY = "1,2";
			};
			name = Debug;
		};
		50C61D2B297FC7CF005EE0BE /* Release */ = {
			isa = XCBuildConfiguration;
			baseConfigurationReference = B3FAFC7DD0B1692A9098A842 /* Pods-RandomFoto.release.xcconfig */;
			buildSettings = {
				ASSETCATALOG_COMPILER_APPICON_NAME = AppIcon;
				ASSETCATALOG_COMPILER_GLOBAL_ACCENT_COLOR_NAME = AccentColor;
				CODE_SIGN_STYLE = Automatic;
				CURRENT_PROJECT_VERSION = 1;
				GENERATE_INFOPLIST_FILE = YES;
				INFOPLIST_FILE = RandomFoto/Resources/Info.plist;
				INFOPLIST_KEY_UIApplicationSupportsIndirectInputEvents = YES;
				INFOPLIST_KEY_UILaunchStoryboardName = LaunchScreen;
				INFOPLIST_KEY_UISupportedInterfaceOrientations_iPad = "UIInterfaceOrientationPortrait UIInterfaceOrientationPortraitUpsideDown UIInterfaceOrientationLandscapeLeft UIInterfaceOrientationLandscapeRight";
				INFOPLIST_KEY_UISupportedInterfaceOrientations_iPhone = "UIInterfaceOrientationPortrait UIInterfaceOrientationLandscapeLeft UIInterfaceOrientationLandscapeRight";
				LD_RUNPATH_SEARCH_PATHS = (
					"$(inherited)",
					"@executable_path/Frameworks",
				);
				MARKETING_VERSION = 1.0;
				PRODUCT_BUNDLE_IDENTIFIER = KosyakovAlexander.RandomFoto;
				PRODUCT_NAME = "$(TARGET_NAME)";
				SWIFT_EMIT_LOC_STRINGS = YES;
				SWIFT_VERSION = 5.0;
				TARGETED_DEVICE_FAMILY = "1,2";
			};
			name = Release;
		};
/* End XCBuildConfiguration section */

/* Begin XCConfigurationList section */
		50C61D0D297FC7CD005EE0BE /* Build configuration list for PBXProject "RandomPhoto" */ = {
			isa = XCConfigurationList;
			buildConfigurations = (
				50C61D27297FC7CF005EE0BE /* Debug */,
				50C61D28297FC7CF005EE0BE /* Release */,
			);
			defaultConfigurationIsVisible = 0;
			defaultConfigurationName = Release;
		};
		50C61D29297FC7CF005EE0BE /* Build configuration list for PBXNativeTarget "RandomPhoto" */ = {
			isa = XCConfigurationList;
			buildConfigurations = (
				50C61D2A297FC7CF005EE0BE /* Debug */,
				50C61D2B297FC7CF005EE0BE /* Release */,
			);
			defaultConfigurationIsVisible = 0;
			defaultConfigurationName = Release;
		};
/* End XCConfigurationList section */

/* Begin XCVersionGroup section */
		50C61D1E297FC7CD005EE0BE /* RandomFoto.xcdatamodeld */ = {
			isa = XCVersionGroup;
			children = (
				50C61D1F297FC7CD005EE0BE /* RandomFoto.xcdatamodel */,
			);
			currentVersion = 50C61D1F297FC7CD005EE0BE /* RandomFoto.xcdatamodel */;
			path = RandomFoto.xcdatamodeld;
			sourceTree = "<group>";
			versionGroupType = wrapper.xcdatamodel;
		};
/* End XCVersionGroup section */
	};
	rootObject = 50C61D0A297FC7CD005EE0BE /* Project object */;
}
